
Microsoft Visual Studio Solution File, Format Version 12.00
# Visual Studio 15
VisualStudioVersion = 15.0.27130.2010
MinimumVisualStudioVersion = 10.0.40219.1
Project("{2150E333-8FDC-42A3-9474-1A3956D46DE8}") = "1-Application", "1-Application", "{DCE6C28B-0F3C-4E93-825C-340130787CC6}"
EndProject
Project("{2150E333-8FDC-42A3-9474-1A3956D46DE8}") = "2-Domain", "2-Domain", "{6AC6B7C1-D981-417C-9C24-9B83C57A43A1}"
EndProject
Project("{2150E333-8FDC-42A3-9474-1A3956D46DE8}") = "3-Infrastructure", "3-Infrastructure", "{C172837B-050F-4DC5-BE91-62C2015A1ABB}"
EndProject
Project("{2150E333-8FDC-42A3-9474-1A3956D46DE8}") = "4-Presentation", "4-Presentation", "{971CCDAB-BD28-4DF5-AFF4-350ABF62D66A}"
EndProject
Project("{9A19103F-16F7-4668-BE54-9A1E7A4F7556}") = "ProjectCore.Infrastructure.Repository", "Project.Infrastructure.Repository\ProjectCore.Infrastructure.Repository.csproj", "{C0036CCB-A1B4-4314-ADB8-345B42383E25}"
EndProject
Project("{9A19103F-16F7-4668-BE54-9A1E7A4F7556}") = "ProjectCore.Domain.Model", "Project.Domain.Model\ProjectCore.Domain.Model.csproj", "{72B8D991-2673-4AC9-9CA2-E4EC2644C707}"
EndProject
Project("{9A19103F-16F7-4668-BE54-9A1E7A4F7556}") = "ProjectCore.Domain.Repository.Interfaces", "Project.Domain.Repository.Interfaces\ProjectCore.Domain.Repository.Interfaces.csproj", "{150CB380-0560-4BAA-AC5D-D4EC76A1FCEF}"
EndProject
Project("{9A19103F-16F7-4668-BE54-9A1E7A4F7556}") = "ProjectCore.Application", "Project.Application\ProjectCore.Application.csproj", "{FDF026C9-97D8-4FE6-A503-48A4B2761A55}"
EndProject
Project("{9A19103F-16F7-4668-BE54-9A1E7A4F7556}") = "ProjectCore.Domain.DomainService", "ProjectCore.Domain.DomainService\ProjectCore.Domain.DomainService.csproj", "{460C3597-5F7C-47C7-A9BD-955625DFFDF4}"
EndProject
Project("{2150E333-8FDC-42A3-9474-1A3956D46DE8}") = "5-UnitText", "5-UnitText", "{CE3EFD2C-389D-4377-935C-C683890D8EC5}"
EndProject
Project("{9A19103F-16F7-4668-BE54-9A1E7A4F7556}") = "XUnitTestDemo", "XUnitTestDemo\XUnitTestDemo.csproj", "{E3E44F65-E018-4B88-ADCB-ABE14FB099F9}"
EndProject
Project("{9A19103F-16F7-4668-BE54-9A1E7A4F7556}") = "ProjectCore.EntityFrameworkCore", "ProjectCore.EntityFrameworkCore\ProjectCore.EntityFrameworkCore.csproj", "{A1A82391-3F8F-4601-A3F6-45AFF008678E}"
EndProject
Project("{9A19103F-16F7-4668-BE54-9A1E7A4F7556}") = "ProjectCore.Common", "ProjectCore.Common\ProjectCore.Common.csproj", "{F66F2B6A-9834-42A5-89F0-D885E1315FF6}"
EndProject
Project("{9A19103F-16F7-4668-BE54-9A1E7A4F7556}") = "ProjectCore.WebApi", "ProjectCore.WebApi\ProjectCore.WebApi.csproj", "{8F341D3F-0082-4B8E-8919-4DF9336DDC1E}"
EndProject
Project("{9A19103F-16F7-4668-BE54-9A1E7A4F7556}") = "WebApplication1", "WebApplication1\WebApplication1.csproj", "{254D8F2C-6085-4133-893A-F9BF059EA133}"
EndProject
Project("{2150E333-8FDC-42A3-9474-1A3956D46DE8}") = "PermissionContext", "PermissionContext", "{A072938D-EE5F-4EB1-9906-0CD4F9493FE1}"
EndProject
Project("{2150E333-8FDC-42A3-9474-1A3956D46DE8}") = "ConferenceContext", "ConferenceContext", "{266A7F3B-2362-4272-A40A-915F26183A1E}"
EndProject
Project("{2150E333-8FDC-42A3-9474-1A3956D46DE8}") = "1-Domain", "1-Domain", "{B070FBE2-9FF3-4ACE-8D5C-71F939D59F9B}"
EndProject
Project("{2150E333-8FDC-42A3-9474-1A3956D46DE8}") = "3-Infrastructure", "3-Infrastructure", "{66625D9F-24A6-47F6-B814-C8F49FEEC88E}"
EndProject
Project("{9A19103F-16F7-4668-BE54-9A1E7A4F7556}") = "Conference.Common", "..\ConferenceContext\Conference.Common\Conference.Common.csproj", "{EC33F61C-3570-4E6B-980B-4B96E38279ED}"
EndProject
Project("{9A19103F-16F7-4668-BE54-9A1E7A4F7556}") = "Conference.Domain", "..\ConferenceContext\Conference.Domain\Conference.Domain.csproj", "{83C233AE-C6DE-42AE-B1E5-E24009A36E6A}"
EndProject
Project("{2150E333-8FDC-42A3-9474-1A3956D46DE8}") = "5-Text", "5-Text", "{6C2BE106-CFB8-4DCA-B105-5F1865C2297D}"
EndProject
Project("{9A19103F-16F7-4668-BE54-9A1E7A4F7556}") = "ConferenceTest", "..\ConferenceContext\ConferenceTest\ConferenceTest.csproj", "{2AD0699B-1045-47C8-BC21-1D028B7E8861}"
EndProject
Project("{2150E333-8FDC-42A3-9474-1A3956D46DE8}") = "4-Presentation", "4-Presentation", "{666FE1A4-E375-4D30-84A1-741DD0FE05FB}"
EndProject
Project("{9A19103F-16F7-4668-BE54-9A1E7A4F7556}") = "ConferenceWebApi", "..\ConferenceContext\ConferenceWebApi\ConferenceWebApi.csproj", "{8FF5BDF8-8081-4A0B-8102-A63E83958BE3}"
EndProject
Project("{9A19103F-16F7-4668-BE54-9A1E7A4F7556}") = "Conference.EntityFrameworkCore", "..\ConferenceContext\Conference.EntityFrameworkCore\Conference.EntityFrameworkCore.csproj", "{4EC0590C-3EDE-4B56-8C21-E514C7407D00}"
EndProject
Project("{2150E333-8FDC-42A3-9474-1A3956D46DE8}") = "2-Application", "2-Application", "{42873E6A-4898-4E7F-8B64-842B5AD93709}"
EndProject
Project("{9A19103F-16F7-4668-BE54-9A1E7A4F7556}") = "Conference.Command", "..\ConferenceContext\Conference.Command\Conference.Command.csproj", "{4DDB578F-56B2-4E69-9BB5-93C79A596039}"
EndProject
Project("{9A19103F-16F7-4668-BE54-9A1E7A4F7556}") = "Conference.CommandHandler", "..\ConferenceContext\Conference.CommandHandler\Conference.CommandHandler.csproj", "{B22BE9BA-6FE1-4A04-B983-8B9C664D848D}"
EndProject
Project("{9A19103F-16F7-4668-BE54-9A1E7A4F7556}") = "Conference.QueryService", "..\ConferenceContext\Conference.QueryService\Conference.QueryService.csproj", "{38F2711D-DB30-4F8A-84D4-C74F9EDBF32D}"
EndProject
Project("{9A19103F-16F7-4668-BE54-9A1E7A4F7556}") = "ProjectCore.Web", "ProjectCore.Web\ProjectCore.Web.csproj", "{A4B5A19D-6EB3-4CCD-BA4B-1501DAE136F6}"
EndProject
Project("{2150E333-8FDC-42A3-9474-1A3956D46DE8}") = "IdentityServer", "IdentityServer", "{F08A9F03-2E67-4E9C-A9DA-F456B51E755A}"
EndProject
Project("{9A19103F-16F7-4668-BE54-9A1E7A4F7556}") = "IdentityServerWeb", "..\IdentityServer\IdentityServerWeb\IdentityServerWeb.csproj", "{B9D886FC-1A9D-4925-BE6E-C64D1504DCA3}"
EndProject
Project("{2150E333-8FDC-42A3-9474-1A3956D46DE8}") = "OcelotGateway", "OcelotGateway", "{09470065-B2CA-4680-AB32-E6591C2E9D66}"
EndProject
Project("{9A19103F-16F7-4668-BE54-9A1E7A4F7556}") = "OcelotGateway", "..\ApiGateway\OcelotGateway\OcelotGateway.csproj", "{003E3844-A979-402A-950B-7826DFFC7479}"
EndProject
Project("{FAE04EC0-301F-11D3-BF4B-00C04F79EFBC}") = "WebApiClientTest", "WebApiClientTest\WebApiClientTest.csproj", "{93E40FF0-14DA-45AC-BD91-D7D26D851D94}"
EndProject
Global
	GlobalSection(SolutionConfigurationPlatforms) = preSolution
		Debug|Any CPU = Debug|Any CPU
		Release|Any CPU = Release|Any CPU
	EndGlobalSection
	GlobalSection(ProjectConfigurationPlatforms) = postSolution
		{C0036CCB-A1B4-4314-ADB8-345B42383E25}.Debug|Any CPU.ActiveCfg = Debug|Any CPU
		{C0036CCB-A1B4-4314-ADB8-345B42383E25}.Debug|Any CPU.Build.0 = Debug|Any CPU
		{C0036CCB-A1B4-4314-ADB8-345B42383E25}.Release|Any CPU.ActiveCfg = Release|Any CPU
		{C0036CCB-A1B4-4314-ADB8-345B42383E25}.Release|Any CPU.Build.0 = Release|Any CPU
		{72B8D991-2673-4AC9-9CA2-E4EC2644C707}.Debug|Any CPU.ActiveCfg = Debug|Any CPU
		{72B8D991-2673-4AC9-9CA2-E4EC2644C707}.Debug|Any CPU.Build.0 = Debug|Any CPU
		{72B8D991-2673-4AC9-9CA2-E4EC2644C707}.Release|Any CPU.ActiveCfg = Release|Any CPU
		{72B8D991-2673-4AC9-9CA2-E4EC2644C707}.Release|Any CPU.Build.0 = Release|Any CPU
		{150CB380-0560-4BAA-AC5D-D4EC76A1FCEF}.Debug|Any CPU.ActiveCfg = Debug|Any CPU
		{150CB380-0560-4BAA-AC5D-D4EC76A1FCEF}.Debug|Any CPU.Build.0 = Debug|Any CPU
		{150CB380-0560-4BAA-AC5D-D4EC76A1FCEF}.Release|Any CPU.ActiveCfg = Release|Any CPU
		{150CB380-0560-4BAA-AC5D-D4EC76A1FCEF}.Release|Any CPU.Build.0 = Release|Any CPU
		{FDF026C9-97D8-4FE6-A503-48A4B2761A55}.Debug|Any CPU.ActiveCfg = Debug|Any CPU
		{FDF026C9-97D8-4FE6-A503-48A4B2761A55}.Debug|Any CPU.Build.0 = Debug|Any CPU
		{FDF026C9-97D8-4FE6-A503-48A4B2761A55}.Release|Any CPU.ActiveCfg = Release|Any CPU
		{FDF026C9-97D8-4FE6-A503-48A4B2761A55}.Release|Any CPU.Build.0 = Release|Any CPU
		{460C3597-5F7C-47C7-A9BD-955625DFFDF4}.Debug|Any CPU.ActiveCfg = Debug|Any CPU
		{460C3597-5F7C-47C7-A9BD-955625DFFDF4}.Debug|Any CPU.Build.0 = Debug|Any CPU
		{460C3597-5F7C-47C7-A9BD-955625DFFDF4}.Release|Any CPU.ActiveCfg = Release|Any CPU
		{460C3597-5F7C-47C7-A9BD-955625DFFDF4}.Release|Any CPU.Build.0 = Release|Any CPU
		{E3E44F65-E018-4B88-ADCB-ABE14FB099F9}.Debug|Any CPU.ActiveCfg = Debug|Any CPU
		{E3E44F65-E018-4B88-ADCB-ABE14FB099F9}.Debug|Any CPU.Build.0 = Debug|Any CPU
		{E3E44F65-E018-4B88-ADCB-ABE14FB099F9}.Release|Any CPU.ActiveCfg = Release|Any CPU
		{E3E44F65-E018-4B88-ADCB-ABE14FB099F9}.Release|Any CPU.Build.0 = Release|Any CPU
		{A1A82391-3F8F-4601-A3F6-45AFF008678E}.Debug|Any CPU.ActiveCfg = Debug|Any CPU
		{A1A82391-3F8F-4601-A3F6-45AFF008678E}.Debug|Any CPU.Build.0 = Debug|Any CPU
		{A1A82391-3F8F-4601-A3F6-45AFF008678E}.Release|Any CPU.ActiveCfg = Release|Any CPU
		{A1A82391-3F8F-4601-A3F6-45AFF008678E}.Release|Any CPU.Build.0 = Release|Any CPU
		{F66F2B6A-9834-42A5-89F0-D885E1315FF6}.Debug|Any CPU.ActiveCfg = Debug|Any CPU
		{F66F2B6A-9834-42A5-89F0-D885E1315FF6}.Debug|Any CPU.Build.0 = Debug|Any CPU
		{F66F2B6A-9834-42A5-89F0-D885E1315FF6}.Release|Any CPU.ActiveCfg = Release|Any CPU
		{F66F2B6A-9834-42A5-89F0-D885E1315FF6}.Release|Any CPU.Build.0 = Release|Any CPU
		{8F341D3F-0082-4B8E-8919-4DF9336DDC1E}.Debug|Any CPU.ActiveCfg = Debug|Any CPU
		{8F341D3F-0082-4B8E-8919-4DF9336DDC1E}.Debug|Any CPU.Build.0 = Debug|Any CPU
		{8F341D3F-0082-4B8E-8919-4DF9336DDC1E}.Release|Any CPU.ActiveCfg = Release|Any CPU
		{8F341D3F-0082-4B8E-8919-4DF9336DDC1E}.Release|Any CPU.Build.0 = Release|Any CPU
		{254D8F2C-6085-4133-893A-F9BF059EA133}.Debug|Any CPU.ActiveCfg = Debug|Any CPU
		{254D8F2C-6085-4133-893A-F9BF059EA133}.Debug|Any CPU.Build.0 = Debug|Any CPU
		{254D8F2C-6085-4133-893A-F9BF059EA133}.Release|Any CPU.ActiveCfg = Release|Any CPU
		{254D8F2C-6085-4133-893A-F9BF059EA133}.Release|Any CPU.Build.0 = Release|Any CPU
		{EC33F61C-3570-4E6B-980B-4B96E38279ED}.Debug|Any CPU.ActiveCfg = Debug|Any CPU
		{EC33F61C-3570-4E6B-980B-4B96E38279ED}.Debug|Any CPU.Build.0 = Debug|Any CPU
		{EC33F61C-3570-4E6B-980B-4B96E38279ED}.Release|Any CPU.ActiveCfg = Release|Any CPU
		{EC33F61C-3570-4E6B-980B-4B96E38279ED}.Release|Any CPU.Build.0 = Release|Any CPU
		{83C233AE-C6DE-42AE-B1E5-E24009A36E6A}.Debug|Any CPU.ActiveCfg = Debug|Any CPU
		{83C233AE-C6DE-42AE-B1E5-E24009A36E6A}.Debug|Any CPU.Build.0 = Debug|Any CPU
		{83C233AE-C6DE-42AE-B1E5-E24009A36E6A}.Release|Any CPU.ActiveCfg = Release|Any CPU
		{83C233AE-C6DE-42AE-B1E5-E24009A36E6A}.Release|Any CPU.Build.0 = Release|Any CPU
		{2AD0699B-1045-47C8-BC21-1D028B7E8861}.Debug|Any CPU.ActiveCfg = Debug|Any CPU
		{2AD0699B-1045-47C8-BC21-1D028B7E8861}.Debug|Any CPU.Build.0 = Debug|Any CPU
		{2AD0699B-1045-47C8-BC21-1D028B7E8861}.Release|Any CPU.ActiveCfg = Release|Any CPU
		{2AD0699B-1045-47C8-BC21-1D028B7E8861}.Release|Any CPU.Build.0 = Release|Any CPU
		{8FF5BDF8-8081-4A0B-8102-A63E83958BE3}.Debug|Any CPU.ActiveCfg = Debug|Any CPU
		{8FF5BDF8-8081-4A0B-8102-A63E83958BE3}.Debug|Any CPU.Build.0 = Debug|Any CPU
		{8FF5BDF8-8081-4A0B-8102-A63E83958BE3}.Release|Any CPU.ActiveCfg = Release|Any CPU
		{8FF5BDF8-8081-4A0B-8102-A63E83958BE3}.Release|Any CPU.Build.0 = Release|Any CPU
		{4EC0590C-3EDE-4B56-8C21-E514C7407D00}.Debug|Any CPU.ActiveCfg = Debug|Any CPU
		{4EC0590C-3EDE-4B56-8C21-E514C7407D00}.Debug|Any CPU.Build.0 = Debug|Any CPU
		{4EC0590C-3EDE-4B56-8C21-E514C7407D00}.Release|Any CPU.ActiveCfg = Release|Any CPU
		{4EC0590C-3EDE-4B56-8C21-E514C7407D00}.Release|Any CPU.Build.0 = Release|Any CPU
		{4DDB578F-56B2-4E69-9BB5-93C79A596039}.Debug|Any CPU.ActiveCfg = Debug|Any CPU
		{4DDB578F-56B2-4E69-9BB5-93C79A596039}.Debug|Any CPU.Build.0 = Debug|Any CPU
		{4DDB578F-56B2-4E69-9BB5-93C79A596039}.Release|Any CPU.ActiveCfg = Release|Any CPU
		{4DDB578F-56B2-4E69-9BB5-93C79A596039}.Release|Any CPU.Build.0 = Release|Any CPU
		{B22BE9BA-6FE1-4A04-B983-8B9C664D848D}.Debug|Any CPU.ActiveCfg = Debug|Any CPU
		{B22BE9BA-6FE1-4A04-B983-8B9C664D848D}.Debug|Any CPU.Build.0 = Debug|Any CPU
		{B22BE9BA-6FE1-4A04-B983-8B9C664D848D}.Release|Any CPU.ActiveCfg = Release|Any CPU
		{B22BE9BA-6FE1-4A04-B983-8B9C664D848D}.Release|Any CPU.Build.0 = Release|Any CPU
		{38F2711D-DB30-4F8A-84D4-C74F9EDBF32D}.Debug|Any CPU.ActiveCfg = Debug|Any CPU
		{38F2711D-DB30-4F8A-84D4-C74F9EDBF32D}.Debug|Any CPU.Build.0 = Debug|Any CPU
		{38F2711D-DB30-4F8A-84D4-C74F9EDBF32D}.Release|Any CPU.ActiveCfg = Release|Any CPU
		{38F2711D-DB30-4F8A-84D4-C74F9EDBF32D}.Release|Any CPU.Build.0 = Release|Any CPU
		{A4B5A19D-6EB3-4CCD-BA4B-1501DAE136F6}.Debug|Any CPU.ActiveCfg = Debug|Any CPU
		{A4B5A19D-6EB3-4CCD-BA4B-1501DAE136F6}.Debug|Any CPU.Build.0 = Debug|Any CPU
		{A4B5A19D-6EB3-4CCD-BA4B-1501DAE136F6}.Release|Any CPU.ActiveCfg = Release|Any CPU
		{A4B5A19D-6EB3-4CCD-BA4B-1501DAE136F6}.Release|Any CPU.Build.0 = Release|Any CPU
		{B9D886FC-1A9D-4925-BE6E-C64D1504DCA3}.Debug|Any CPU.ActiveCfg = Debug|Any CPU
		{B9D886FC-1A9D-4925-BE6E-C64D1504DCA3}.Debug|Any CPU.Build.0 = Debug|Any CPU
		{B9D886FC-1A9D-4925-BE6E-C64D1504DCA3}.Release|Any CPU.ActiveCfg = Release|Any CPU
		{B9D886FC-1A9D-4925-BE6E-C64D1504DCA3}.Release|Any CPU.Build.0 = Release|Any CPU
		{003E3844-A979-402A-950B-7826DFFC7479}.Debug|Any CPU.ActiveCfg = Debug|Any CPU
		{003E3844-A979-402A-950B-7826DFFC7479}.Debug|Any CPU.Build.0 = Debug|Any CPU
		{003E3844-A979-402A-950B-7826DFFC7479}.Release|Any CPU.ActiveCfg = Release|Any CPU
		{003E3844-A979-402A-950B-7826DFFC7479}.Release|Any CPU.Build.0 = Release|Any CPU
		{93E40FF0-14DA-45AC-BD91-D7D26D851D94}.Debug|Any CPU.ActiveCfg = Debug|Any CPU
		{93E40FF0-14DA-45AC-BD91-D7D26D851D94}.Debug|Any CPU.Build.0 = Debug|Any CPU
		{93E40FF0-14DA-45AC-BD91-D7D26D851D94}.Release|Any CPU.ActiveCfg = Release|Any CPU
		{93E40FF0-14DA-45AC-BD91-D7D26D851D94}.Release|Any CPU.Build.0 = Release|Any CPU
	EndGlobalSection
	GlobalSection(SolutionProperties) = preSolution
		HideSolutionNode = FALSE
	EndGlobalSection
	GlobalSection(NestedProjects) = preSolution
		{DCE6C28B-0F3C-4E93-825C-340130787CC6} = {A072938D-EE5F-4EB1-9906-0CD4F9493FE1}
		{6AC6B7C1-D981-417C-9C24-9B83C57A43A1} = {A072938D-EE5F-4EB1-9906-0CD4F9493FE1}
		{C172837B-050F-4DC5-BE91-62C2015A1ABB} = {A072938D-EE5F-4EB1-9906-0CD4F9493FE1}
		{971CCDAB-BD28-4DF5-AFF4-350ABF62D66A} = {A072938D-EE5F-4EB1-9906-0CD4F9493FE1}
		{C0036CCB-A1B4-4314-ADB8-345B42383E25} = {C172837B-050F-4DC5-BE91-62C2015A1ABB}
		{72B8D991-2673-4AC9-9CA2-E4EC2644C707} = {6AC6B7C1-D981-417C-9C24-9B83C57A43A1}
		{150CB380-0560-4BAA-AC5D-D4EC76A1FCEF} = {6AC6B7C1-D981-417C-9C24-9B83C57A43A1}
		{FDF026C9-97D8-4FE6-A503-48A4B2761A55} = {DCE6C28B-0F3C-4E93-825C-340130787CC6}
		{460C3597-5F7C-47C7-A9BD-955625DFFDF4} = {6AC6B7C1-D981-417C-9C24-9B83C57A43A1}
		{CE3EFD2C-389D-4377-935C-C683890D8EC5} = {A072938D-EE5F-4EB1-9906-0CD4F9493FE1}
		{E3E44F65-E018-4B88-ADCB-ABE14FB099F9} = {CE3EFD2C-389D-4377-935C-C683890D8EC5}
		{A1A82391-3F8F-4601-A3F6-45AFF008678E} = {C172837B-050F-4DC5-BE91-62C2015A1ABB}
		{F66F2B6A-9834-42A5-89F0-D885E1315FF6} = {C172837B-050F-4DC5-BE91-62C2015A1ABB}
		{8F341D3F-0082-4B8E-8919-4DF9336DDC1E} = {971CCDAB-BD28-4DF5-AFF4-350ABF62D66A}
		{254D8F2C-6085-4133-893A-F9BF059EA133} = {CE3EFD2C-389D-4377-935C-C683890D8EC5}
		{B070FBE2-9FF3-4ACE-8D5C-71F939D59F9B} = {266A7F3B-2362-4272-A40A-915F26183A1E}
		{66625D9F-24A6-47F6-B814-C8F49FEEC88E} = {266A7F3B-2362-4272-A40A-915F26183A1E}
		{EC33F61C-3570-4E6B-980B-4B96E38279ED} = {66625D9F-24A6-47F6-B814-C8F49FEEC88E}
		{83C233AE-C6DE-42AE-B1E5-E24009A36E6A} = {B070FBE2-9FF3-4ACE-8D5C-71F939D59F9B}
		{6C2BE106-CFB8-4DCA-B105-5F1865C2297D} = {266A7F3B-2362-4272-A40A-915F26183A1E}
		{2AD0699B-1045-47C8-BC21-1D028B7E8861} = {6C2BE106-CFB8-4DCA-B105-5F1865C2297D}
		{666FE1A4-E375-4D30-84A1-741DD0FE05FB} = {266A7F3B-2362-4272-A40A-915F26183A1E}
		{8FF5BDF8-8081-4A0B-8102-A63E83958BE3} = {666FE1A4-E375-4D30-84A1-741DD0FE05FB}
		{4EC0590C-3EDE-4B56-8C21-E514C7407D00} = {66625D9F-24A6-47F6-B814-C8F49FEEC88E}
		{42873E6A-4898-4E7F-8B64-842B5AD93709} = {266A7F3B-2362-4272-A40A-915F26183A1E}
		{4DDB578F-56B2-4E69-9BB5-93C79A596039} = {66625D9F-24A6-47F6-B814-C8F49FEEC88E}
		{B22BE9BA-6FE1-4A04-B983-8B9C664D848D} = {42873E6A-4898-4E7F-8B64-842B5AD93709}
		{38F2711D-DB30-4F8A-84D4-C74F9EDBF32D} = {42873E6A-4898-4E7F-8B64-842B5AD93709}
		{A4B5A19D-6EB3-4CCD-BA4B-1501DAE136F6} = {971CCDAB-BD28-4DF5-AFF4-350ABF62D66A}
		{B9D886FC-1A9D-4925-BE6E-C64D1504DCA3} = {F08A9F03-2E67-4E9C-A9DA-F456B51E755A}
		{003E3844-A979-402A-950B-7826DFFC7479} = {09470065-B2CA-4680-AB32-E6591C2E9D66}
		{93E40FF0-14DA-45AC-BD91-D7D26D851D94} = {CE3EFD2C-389D-4377-935C-C683890D8EC5}
	EndGlobalSection
	GlobalSection(ExtensibilityGlobals) = postSolution
		SolutionGuid = {BBEEAC62-59DA-4E50-832B-BA6BB9123D26}
	EndGlobalSection
EndGlobal
